
Microsoft Visual Studio Solution File, Format Version 12.00
# Visual Studio 2012
Project("{FAE04EC0-301F-11D3-BF4B-00C04F79EFBC}") = "FodySample", "FodySample\FodySample.csproj", "{4612C838-EC8F-4660-8950-16DC057F7EB5}"
EndProject
Project("{FAE04EC0-301F-11D3-BF4B-00C04F79EFBC}") = "FodySample.Tests", "FodySample.Tests\FodySample.Tests.csproj", "{D5AADFA4-4D0F-4E15-A8E5-8B849EB02D5E}"
EndProject
Global
	GlobalSection(SolutionConfigurationPlatforms) = preSolution
		Debug|Any CPU = Debug|Any CPU
		Debug|ARM = Debug|ARM
		Debug|x64 = Debug|x64
		Debug|x86 = Debug|x86
		Release|Any CPU = Release|Any CPU
		Release|ARM = Release|ARM
		Release|x64 = Release|x64
		Release|x86 = Release|x86
	EndGlobalSection
	GlobalSection(ProjectConfigurationPlatforms) = postSolution
		{4612C838-EC8F-4660-8950-16DC057F7EB5}.Debug|Any CPU.ActiveCfg = Debug|Any CPU
		{4612C838-EC8F-4660-8950-16DC057F7EB5}.Debug|Any CPU.Build.0 = Debug|Any CPU
		{4612C838-EC8F-4660-8950-16DC057F7EB5}.Debug|ARM.ActiveCfg = Debug|Any CPU
		{4612C838-EC8F-4660-8950-16DC057F7EB5}.Debug|x64.ActiveCfg = Debug|Any CPU
		{4612C838-EC8F-4660-8950-16DC057F7EB5}.Debug|x86.ActiveCfg = Debug|Any CPU
		{4612C838-EC8F-4660-8950-16DC057F7EB5}.Release|Any CPU.ActiveCfg = Release|Any CPU
		{4612C838-EC8F-4660-8950-16DC057F7EB5}.Release|Any CPU.Build.0 = Release|Any CPU
		{4612C838-EC8F-4660-8950-16DC057F7EB5}.Release|ARM.ActiveCfg = Release|Any CPU
		{4612C838-EC8F-4660-8950-16DC057F7EB5}.Release|x64.ActiveCfg = Release|Any CPU
		{4612C838-EC8F-4660-8950-16DC057F7EB5}.Release|x86.ActiveCfg = Release|Any CPU
		{D5AADFA4-4D0F-4E15-A8E5-8B849EB02D5E}.Debug|Any CPU.ActiveCfg = Debug|Any CPU
		{D5AADFA4-4D0F-4E15-A8E5-8B849EB02D5E}.Debug|Any CPU.Build.0 = Debug|Any CPU
		{D5AADFA4-4D0F-4E15-A8E5-8B849EB02D5E}.Debug|ARM.ActiveCfg = Debug|Any CPU
		{D5AADFA4-4D0F-4E15-A8E5-8B849EB02D5E}.Debug|x64.ActiveCfg = Debug|Any CPU
		{D5AADFA4-4D0F-4E15-A8E5-8B849EB02D5E}.Debug|x86.ActiveCfg = Debug|Any CPU
		{D5AADFA4-4D0F-4E15-A8E5-8B849EB02D5E}.Release|Any CPU.ActiveCfg = Release|Any CPU
		{D5AADFA4-4D0F-4E15-A8E5-8B849EB02D5E}.Release|Any CPU.Build.0 = Release|Any CPU
		{D5AADFA4-4D0F-4E15-A8E5-8B849EB02D5E}.Release|ARM.ActiveCfg = Release|Any CPU
		{D5AADFA4-4D0F-4E15-A8E5-8B849EB02D5E}.Release|x64.ActiveCfg = Release|Any CPU
		{D5AADFA4-4D0F-4E15-A8E5-8B849EB02D5E}.Release|x86.ActiveCfg = Release|Any CPU
	EndGlobalSection
	GlobalSection(SolutionProperties) = preSolution
		HideSolutionNode = FALSE
	EndGlobalSection
EndGlobal
